
Microsoft Visual Studio Solution File, Format Version 12.00
# Visual Studio Version 17
VisualStudioVersion = 17.8.34330.188
MinimumVisualStudioVersion = 10.0.40219.1
Project("{FAE04EC0-301F-11D3-BF4B-00C04F79EFBC}") = "StudentDataSortSearch", "StudentDataSortSearch\StudentDataSortSearch.csproj", "{158CC7D7-395C-4758-8B89-7C5A8E369609}"
EndProject
Global
	GlobalSection(SolutionConfigurationPlatforms) = preSolution
		Debug|Any CPU = Debug|Any CPU
		Release|Any CPU = Release|Any CPU
	EndGlobalSection
	GlobalSection(ProjectConfigurationPlatforms) = postSolution
		{158CC7D7-395C-4758-8B89-7C5A8E369609}.Debug|Any CPU.ActiveCfg = Debug|Any CPU
		{158CC7D7-395C-4758-8B89-7C5A8E369609}.Debug|Any CPU.Build.0 = Debug|Any CPU
		{158CC7D7-395C-4758-8B89-7C5A8E369609}.Release|Any CPU.ActiveCfg = Release|Any CPU
		{158CC7D7-395C-4758-8B89-7C5A8E369609}.Release|Any CPU.Build.0 = Release|Any CPU
	EndGlobalSection
	GlobalSection(SolutionProperties) = preSolution
		HideSolutionNode = FALSE
	EndGlobalSection
	GlobalSection(ExtensibilityGlobals) = postSolution
		SolutionGuid = {1BF92249-1C32-4734-A00A-52642A4AD49F}
	EndGlobalSection
EndGlobal
